github.com/canhlinh/go-binary-pack v0.0.0-20181203110405-72348cf47f32 h1:2frz5u51940fkPXzOlKhY/zL4FBtXerEdNEs2AEicMA=
github.com/canhlinh/go-binary-pack v0.0.0-20181203110405-72348cf47f32/go.mod h1:5oL/IK/HhX2kkOQK0V5dpmpFQET3dRgjS+4hfSjs+Pw=
github.com/canhlinh/log4go v0.0.0-20171123040613-fb8d218825e0 h1:rzkyamwkQaaXsPCS2pklGFonmmYhi1etjOiv1J2FsfE=
github.com/canhlinh/log4go v0.0.0-20171123040613-fb8d218825e0/go.mod h1:jZt4nDOAX1J2RcvFolWaw/n/ptBzMjthdwiYyTRCsGw=
github.com/certifi/gocertifi v0.0.0-20200922220541-2c3bb06c6054 h1:uH66TXeswKn5PW5zdZ39xEwfS9an067BirqA+P4QaLI=
github.com/certifi/gocertifi v0.0.0-20200922220541-2c3bb06c6054/go.mod h1:sGbDF6GwGcLpkNXPUTkMRoywsNa/ol15pxFe6ERfguA=
github.com/davecgh/go-spew v1.1.0/go.mod h1:J7Y8YcW2NihsgmVo/mv3lAwl/skON4iLHjSsI+c5H38=
github.com/davecgh/go-spew v1.1.1 h1:vj9j/u1bqnvCEfJOwUhtlOARqs3+rkHYY13jYWTU97c=
github.com/davecgh/go-spew v1.1.1/go.mod h1:J7Y8YcW2NihsgmVo/mv3lAwl/skON4iLHjSsI+c5H38=
github.com/getsentry/raven-go v0.2.0 h1:no+xWJRb5ZI7eE8TWgIq1jLulQiIoLG0IfYxv5JYMGs=
github.com/getsentry/raven-go v0.2.0/go.mod h1:KungGk8q33+aIAZUIVWZDr2OfAEBsO49PX4NzFV5kcQ=
github.com/peterbourgon/g2s v0.0.0-20170223122336-d4e7ad98afea h1:sKwxy1H95npauwu8vtF95vG/syrL0p8fSZo/XlDg5gk=
github.com/peterbourgon/g2s v0.0.0-20170223122336-d4e7ad98afea/go.mod h1:1VcHEd3ro4QMoHfiNl/j7Jkln9+KQuorp0PItHMJYNg=
github.com/pkg/errors v0.9.1 h1:FEBLx1zS214owpjy7qsBeixbURkuhQAwrK5UwLGTwt4=
github.com/pkg/errors v0.9.1/go.mod h1:bwawxfHBFNV+L2hUp1rHADufV3IMtnDRdf1r5NINEl0=
github.com/pmezard/go-difflib v1.0.0 h1:4DBwDE0NGyQoBHbLQYPwSUPoCMWR5BEzIk/f1lZbAQM=
github.com/pmezard/go-difflib v1.0.0/go.mod h1:iKH77koFhYxTK1pcRnkKkqfTogsbg7gZNVY4sRDYZ/4=
github.com/stretchr/objx v0.1.0/go.mod h1:HFkY916IF+rwdDfMAkV7OtwuqBVzrE8GR6GFx+wExME=
github.com/stretchr/testify v1.3.0 h1:TivCn/peBQ7UY8ooIcPgZFpTNSz0Q2U6UrFlUfqbe0Q=
github.com/stretchr/testify v1.3.0/go.mod h1:M5WIy9Dh21IEIfnGCwXGc5bZfKNJtfHm1UVUgZn+9EI=
